
Microsoft Visual Studio Solution File, Format Version 12.00
# Visual Studio Version 17
VisualStudioVersion = 17.4.33122.133
MinimumVisualStudioVersion = 10.0.40219.1
Project("{FAE04EC0-301F-11D3-BF4B-00C04F79EFBC}") = "ColorSort", "ColorSort\ColorSort.csproj", "{6E84B105-2F79-4F15-ACDA-C77ECF0C773C}"
EndProject
Project("{FAE04EC0-301F-11D3-BF4B-00C04F79EFBC}") = "ColorSort.Tests", "ColorSort.Tests\ColorSort.Tests.csproj", "{BC163428-6AF2-4B4B-97E5-EF7189C935EF}"
EndProject
Global
	GlobalSection(SolutionConfigurationPlatforms) = preSolution
		Debug|Any CPU = Debug|Any CPU
		Release|Any CPU = Release|Any CPU
	EndGlobalSection
	GlobalSection(ProjectConfigurationPlatforms) = postSolution
		{6E84B105-2F79-4F15-ACDA-C77ECF0C773C}.Debug|Any CPU.ActiveCfg = Debug|Any CPU
		{6E84B105-2F79-4F15-ACDA-C77ECF0C773C}.Debug|Any CPU.Build.0 = Debug|Any CPU
		{6E84B105-2F79-4F15-ACDA-C77ECF0C773C}.Release|Any CPU.ActiveCfg = Release|Any CPU
		{6E84B105-2F79-4F15-ACDA-C77ECF0C773C}.Release|Any CPU.Build.0 = Release|Any CPU
		{BC163428-6AF2-4B4B-97E5-EF7189C935EF}.Debug|Any CPU.ActiveCfg = Debug|Any CPU
		{BC163428-6AF2-4B4B-97E5-EF7189C935EF}.Debug|Any CPU.Build.0 = Debug|Any CPU
		{BC163428-6AF2-4B4B-97E5-EF7189C935EF}.Release|Any CPU.ActiveCfg = Release|Any CPU
		{BC163428-6AF2-4B4B-97E5-EF7189C935EF}.Release|Any CPU.Build.0 = Release|Any CPU
	EndGlobalSection
	GlobalSection(SolutionProperties) = preSolution
		HideSolutionNode = FALSE
	EndGlobalSection
	GlobalSection(ExtensibilityGlobals) = postSolution
		SolutionGuid = {47274544-122F-4514-AE71-C8C2811B7F15}
	EndGlobalSection
EndGlobal
